
Microsoft Visual Studio Solution File, Format Version 12.00
# Visual Studio Version 17
VisualStudioVersion = 17.8.34316.72
MinimumVisualStudioVersion = 10.0.40219.1
Project("{FAE04EC0-301F-11D3-BF4B-00C04F79EFBC}") = "UmbracoProject1", "UmbracoProject1\UmbracoProject1.csproj", "{CFCB8152-7F6F-4C0A-8CDB-124C824CD0DF}"
EndProject
Global
	GlobalSection(SolutionConfigurationPlatforms) = preSolution
		Debug|Any CPU = Debug|Any CPU
		Release|Any CPU = Release|Any CPU
	EndGlobalSection
	GlobalSection(ProjectConfigurationPlatforms) = postSolution
		{CFCB8152-7F6F-4C0A-8CDB-124C824CD0DF}.Debug|Any CPU.ActiveCfg = Debug|Any CPU
		{CFCB8152-7F6F-4C0A-8CDB-124C824CD0DF}.Debug|Any CPU.Build.0 = Debug|Any CPU
		{CFCB8152-7F6F-4C0A-8CDB-124C824CD0DF}.Release|Any CPU.ActiveCfg = Release|Any CPU
		{CFCB8152-7F6F-4C0A-8CDB-124C824CD0DF}.Release|Any CPU.Build.0 = Release|Any CPU
	EndGlobalSection
	GlobalSection(SolutionProperties) = preSolution
		HideSolutionNode = FALSE
	EndGlobalSection
	GlobalSection(ExtensibilityGlobals) = postSolution
		SolutionGuid = {D61FC531-5936-469C-A812-31D2139FFA9F}
	EndGlobalSection
EndGlobal
