
Microsoft Visual Studio Solution File, Format Version 12.00
# Visual Studio Version 17
VisualStudioVersion = 17.8.34316.72
MinimumVisualStudioVersion = 10.0.40219.1
Project("{9A19103F-16F7-4668-BE54-9A1E7A4F7556}") = "PC.WebHost", "PC.WebHost\PC.WebHost.csproj", "{BD1EFD04-C6FA-4CCD-84AE-6581429FCF18}"
EndProject
Project("{FAE04EC0-301F-11D3-BF4B-00C04F79EFBC}") = "PC.Services", "PC.Services\PC.Services.csproj", "{48479B9E-F32F-422C-BBDE-CAA04FFBDB8E}"
EndProject
Project("{FAE04EC0-301F-11D3-BF4B-00C04F79EFBC}") = "PC.Data", "PC.Data\PC.Data.csproj", "{775C3073-F44E-4D84-8973-6D60087F9AAC}"
EndProject
Global
	GlobalSection(SolutionConfigurationPlatforms) = preSolution
		Debug|Any CPU = Debug|Any CPU
		Release|Any CPU = Release|Any CPU
	EndGlobalSection
	GlobalSection(ProjectConfigurationPlatforms) = postSolution
		{BD1EFD04-C6FA-4CCD-84AE-6581429FCF18}.Debug|Any CPU.ActiveCfg = Debug|Any CPU
		{BD1EFD04-C6FA-4CCD-84AE-6581429FCF18}.Debug|Any CPU.Build.0 = Debug|Any CPU
		{BD1EFD04-C6FA-4CCD-84AE-6581429FCF18}.Release|Any CPU.ActiveCfg = Release|Any CPU
		{BD1EFD04-C6FA-4CCD-84AE-6581429FCF18}.Release|Any CPU.Build.0 = Release|Any CPU
		{48479B9E-F32F-422C-BBDE-CAA04FFBDB8E}.Debug|Any CPU.ActiveCfg = Debug|Any CPU
		{48479B9E-F32F-422C-BBDE-CAA04FFBDB8E}.Debug|Any CPU.Build.0 = Debug|Any CPU
		{48479B9E-F32F-422C-BBDE-CAA04FFBDB8E}.Release|Any CPU.ActiveCfg = Release|Any CPU
		{48479B9E-F32F-422C-BBDE-CAA04FFBDB8E}.Release|Any CPU.Build.0 = Release|Any CPU
		{775C3073-F44E-4D84-8973-6D60087F9AAC}.Debug|Any CPU.ActiveCfg = Debug|Any CPU
		{775C3073-F44E-4D84-8973-6D60087F9AAC}.Debug|Any CPU.Build.0 = Debug|Any CPU
		{775C3073-F44E-4D84-8973-6D60087F9AAC}.Release|Any CPU.ActiveCfg = Release|Any CPU
		{775C3073-F44E-4D84-8973-6D60087F9AAC}.Release|Any CPU.Build.0 = Release|Any CPU
	EndGlobalSection
	GlobalSection(SolutionProperties) = preSolution
		HideSolutionNode = FALSE
	EndGlobalSection
	GlobalSection(ExtensibilityGlobals) = postSolution
		SolutionGuid = {FFAF4F5C-1BB1-4EF3-946F-9A59099CA6FB}
	EndGlobalSection
EndGlobal
